// !$*UTF8*$!
{
	archiveVersion = 1;
	classes = {
	};
	objectVersion = 48;
	objects = {

/* Begin PBXBuildFile section */
		A30C27FD2210382600610B86 /* ProductsVC.swift in Sources */ = {isa = PBXBuildFile; fileRef = A30C27FC2210382600610B86 /* ProductsVC.swift */; };
		A316CE8E220DC48C00C30374 /* AppDelegate.swift in Sources */ = {isa = PBXBuildFile; fileRef = A316CE8D220DC48C00C30374 /* AppDelegate.swift */; };
		A316CE90220DC48C00C30374 /* CategoriesVC.swift in Sources */ = {isa = PBXBuildFile; fileRef = A316CE8F220DC48C00C30374 /* CategoriesVC.swift */; };
		A316CE93220DC48C00C30374 /* Main.storyboard in Resources */ = {isa = PBXBuildFile; fileRef = A316CE91220DC48C00C30374 /* Main.storyboard */; };
		A316CE95220DC48C00C30374 /* Assets.xcassets in Resources */ = {isa = PBXBuildFile; fileRef = A316CE94220DC48C00C30374 /* Assets.xcassets */; };
		A316CE98220DC48C00C30374 /* LaunchScreen.storyboard in Resources */ = {isa = PBXBuildFile; fileRef = A316CE96220DC48C00C30374 /* LaunchScreen.storyboard */; };
		A316CEA3220DC48C00C30374 /* coder_swagTests.swift in Sources */ = {isa = PBXBuildFile; fileRef = A316CEA2220DC48C00C30374 /* coder_swagTests.swift */; };
		A316CEAE220DC48C00C30374 /* coder_swagUITests.swift in Sources */ = {isa = PBXBuildFile; fileRef = A316CEAD220DC48C00C30374 /* coder_swagUITests.swift */; };
		A316CEC3220E3DDA00C30374 /* CategoryCell.swift in Sources */ = {isa = PBXBuildFile; fileRef = A316CEC2220E3DDA00C30374 /* CategoryCell.swift */; };
		A33A0CA0220EF3FC00A2ACE9 /* DataService.swift in Sources */ = {isa = PBXBuildFile; fileRef = A33A0C9F220EF3FC00A2ACE9 /* DataService.swift */; };
		A33A0CA2220EF49D00A2ACE9 /* Category.swift in Sources */ = {isa = PBXBuildFile; fileRef = A33A0CA1220EF49D00A2ACE9 /* Category.swift */; };
		A33A0CA4220F27DA00A2ACE9 /* ProductCell.swift in Sources */ = {isa = PBXBuildFile; fileRef = A33A0CA3220F27DA00A2ACE9 /* ProductCell.swift */; };
		A33A0CA6220F381F00A2ACE9 /* Product.swift in Sources */ = {isa = PBXBuildFile; fileRef = A33A0CA5220F381F00A2ACE9 /* Product.swift */; };
/* End PBXBuildFile section */

/* Begin PBXContainerItemProxy section */
		A316CE9F220DC48C00C30374 /* PBXContainerItemProxy */ = {
			isa = PBXContainerItemProxy;
			containerPortal = A316CE82220DC48B00C30374 /* Project object */;
			proxyType = 1;
			remoteGlobalIDString = A316CE89220DC48B00C30374;
			remoteInfo = "coder-swag";
		};
		A316CEAA220DC48C00C30374 /* PBXContainerItemProxy */ = {
			isa = PBXContainerItemProxy;
			containerPortal = A316CE82220DC48B00C30374 /* Project object */;
			proxyType = 1;
			remoteGlobalIDString = A316CE89220DC48B00C30374;
			remoteInfo = "coder-swag";
		};
/* End PBXContainerItemProxy section */

/* Begin PBXFileReference section */
		A30C27FC2210382600610B86 /* ProductsVC.swift */ = {isa = PBXFileReference; lastKnownFileType = sourcecode.swift; path = ProductsVC.swift; sourceTree = "<group>"; };
		A316CE8A220DC48B00C30374 /* coder-swag.app */ = {isa = PBXFileReference; explicitFileType = wrapper.application; includeInIndex = 0; path = "coder-swag.app"; sourceTree = BUILT_PRODUCTS_DIR; };
		A316CE8D220DC48C00C30374 /* AppDelegate.swift */ = {isa = PBXFileReference; lastKnownFileType = sourcecode.swift; path = AppDelegate.swift; sourceTree = "<group>"; };
		A316CE8F220DC48C00C30374 /* CategoriesVC.swift */ = {isa = PBXFileReference; lastKnownFileType = sourcecode.swift; path = CategoriesVC.swift; sourceTree = "<group>"; };
		A316CE92220DC48C00C30374 /* Base */ = {isa = PBXFileReference; lastKnownFileType = file.storyboard; name = Base; path = Base.lproj/Main.storyboard; sourceTree = "<group>"; };
		A316CE94220DC48C00C30374 /* Assets.xcassets */ = {isa = PBXFileReference; lastKnownFileType = folder.assetcatalog; path = Assets.xcassets; sourceTree = "<group>"; };
		A316CE97220DC48C00C30374 /* Base */ = {isa = PBXFileReference; lastKnownFileType = file.storyboard; name = Base; path = Base.lproj/LaunchScreen.storyboard; sourceTree = "<group>"; };
		A316CE99220DC48C00C30374 /* Info.plist */ = {isa = PBXFileReference; lastKnownFileType = text.plist.xml; path = Info.plist; sourceTree = "<group>"; };
		A316CE9E220DC48C00C30374 /* coder-swagTests.xctest */ = {isa = PBXFileReference; explicitFileType = wrapper.cfbundle; includeInIndex = 0; path = "coder-swagTests.xctest"; sourceTree = BUILT_PRODUCTS_DIR; };
		A316CEA2220DC48C00C30374 /* coder_swagTests.swift */ = {isa = PBXFileReference; lastKnownFileType = sourcecode.swift; path = coder_swagTests.swift; sourceTree = "<group>"; };
		A316CEA4220DC48C00C30374 /* Info.plist */ = {isa = PBXFileReference; lastKnownFileType = text.plist.xml; path = Info.plist; sourceTree = "<group>"; };
		A316CEA9220DC48C00C30374 /* coder-swagUITests.xctest */ = {isa = PBXFileReference; explicitFileType = wrapper.cfbundle; includeInIndex = 0; path = "coder-swagUITests.xctest"; sourceTree = BUILT_PRODUCTS_DIR; };
		A316CEAD220DC48C00C30374 /* coder_swagUITests.swift */ = {isa = PBXFileReference; lastKnownFileType = sourcecode.swift; path = coder_swagUITests.swift; sourceTree = "<group>"; };
		A316CEAF220DC48C00C30374 /* Info.plist */ = {isa = PBXFileReference; lastKnownFileType = text.plist.xml; path = Info.plist; sourceTree = "<group>"; };
		A316CEC2220E3DDA00C30374 /* CategoryCell.swift */ = {isa = PBXFileReference; lastKnownFileType = sourcecode.swift; path = CategoryCell.swift; sourceTree = "<group>"; };
		A33A0C9F220EF3FC00A2ACE9 /* DataService.swift */ = {isa = PBXFileReference; lastKnownFileType = sourcecode.swift; path = DataService.swift; sourceTree = "<group>"; };
		A33A0CA1220EF49D00A2ACE9 /* Category.swift */ = {isa = PBXFileReference; lastKnownFileType = sourcecode.swift; path = Category.swift; sourceTree = "<group>"; };
		A33A0CA3220F27DA00A2ACE9 /* ProductCell.swift */ = {isa = PBXFileReference; lastKnownFileType = sourcecode.swift; path = ProductCell.swift; sourceTree = "<group>"; };
		A33A0CA5220F381F00A2ACE9 /* Product.swift */ = {isa = PBXFileReference; lastKnownFileType = sourcecode.swift; path = Product.swift; sourceTree = "<group>"; };
/* End PBXFileReference section */

/* Begin PBXFrameworksBuildPhase section */
		A316CE87220DC48B00C30374 /* Frameworks */ = {
			isa = PBXFrameworksBuildPhase;
			buildActionMask = 2147483647;
			files = (
			);
			runOnlyForDeploymentPostprocessing = 0;
		};
		A316CE9B220DC48C00C30374 /* Frameworks */ = {
			isa = PBXFrameworksBuildPhase;
			buildActionMask = 2147483647;
			files = (
			);
			runOnlyForDeploymentPostprocessing = 0;
		};
		A316CEA6220DC48C00C30374 /* Frameworks */ = {
			isa = PBXFrameworksBuildPhase;
			buildActionMask = 2147483647;
			files = (
			);
			runOnlyForDeploymentPostprocessing = 0;
		};
/* End PBXFrameworksBuildPhase section */

/* Begin PBXGroup section */
		A316CE81220DC48B00C30374 = {
			isa = PBXGroup;
			children = (
				A316CE8C220DC48B00C30374 /* coder-swag */,
				A316CEA1220DC48C00C30374 /* coder-swagTests */,
				A316CEAC220DC48C00C30374 /* coder-swagUITests */,
				A316CE8B220DC48B00C30374 /* Products */,
			);
			sourceTree = "<group>";
		};
		A316CE8B220DC48B00C30374 /* Products */ = {
			isa = PBXGroup;
			children = (
				A316CE8A220DC48B00C30374 /* coder-swag.app */,
				A316CE9E220DC48C00C30374 /* coder-swagTests.xctest */,
				A316CEA9220DC48C00C30374 /* coder-swagUITests.xctest */,
			);
			name = Products;
			sourceTree = "<group>";
		};
		A316CE8C220DC48B00C30374 /* coder-swag */ = {
			isa = PBXGroup;
			children = (
				A33A0C9E220EF1DA00A2ACE9 /* Services */,
				A316CEBD220E325200C30374 /* Views */,
				A316CEBC220E324800C30374 /* Model */,
				A316CEBB220E323500C30374 /* Controller */,
				A316CE8D220DC48C00C30374 /* AppDelegate.swift */,
				A316CE91220DC48C00C30374 /* Main.storyboard */,
				A316CE94220DC48C00C30374 /* Assets.xcassets */,
				A316CE96220DC48C00C30374 /* LaunchScreen.storyboard */,
				A316CE99220DC48C00C30374 /* Info.plist */,
			);
			path = "coder-swag";
			sourceTree = "<group>";
		};
		A316CEA1220DC48C00C30374 /* coder-swagTests */ = {
			isa = PBXGroup;
			children = (
				A316CEA2220DC48C00C30374 /* coder_swagTests.swift */,
				A316CEA4220DC48C00C30374 /* Info.plist */,
			);
			path = "coder-swagTests";
			sourceTree = "<group>";
		};
		A316CEAC220DC48C00C30374 /* coder-swagUITests */ = {
			isa = PBXGroup;
			children = (
				A316CEAD220DC48C00C30374 /* coder_swagUITests.swift */,
				A316CEAF220DC48C00C30374 /* Info.plist */,
			);
			path = "coder-swagUITests";
			sourceTree = "<group>";
		};
		A316CEBB220E323500C30374 /* Controller */ = {
			isa = PBXGroup;
			children = (
				A316CE8F220DC48C00C30374 /* CategoriesVC.swift */,
				A30C27FC2210382600610B86 /* ProductsVC.swift */,
			);
			path = Controller;
			sourceTree = "<group>";
		};
		A316CEBC220E324800C30374 /* Model */ = {
			isa = PBXGroup;
			children = (
				A33A0CA1220EF49D00A2ACE9 /* Category.swift */,
				A33A0CA5220F381F00A2ACE9 /* Product.swift */,
			);
			path = Model;
			sourceTree = "<group>";
		};
		A316CEBD220E325200C30374 /* Views */ = {
			isa = PBXGroup;
			children = (
				A316CEC2220E3DDA00C30374 /* CategoryCell.swift */,
				A33A0CA3220F27DA00A2ACE9 /* ProductCell.swift */,
			);
			path = Views;
			sourceTree = "<group>";
		};
		A33A0C9E220EF1DA00A2ACE9 /* Services */ = {
			isa = PBXGroup;
			children = (
				A33A0C9F220EF3FC00A2ACE9 /* DataService.swift */,
			);
			path = Services;
			sourceTree = "<group>";
		};
/* End PBXGroup section */

/* Begin PBXNativeTarget section */
		A316CE89220DC48B00C30374 /* coder-swag */ = {
			isa = PBXNativeTarget;
			buildConfigurationList = A316CEB2220DC48C00C30374 /* Build configuration list for PBXNativeTarget "coder-swag" */;
			buildPhases = (
				A316CE86220DC48B00C30374 /* Sources */,
				A316CE87220DC48B00C30374 /* Frameworks */,
				A316CE88220DC48B00C30374 /* Resources */,
			);
			buildRules = (
			);
			dependencies = (
			);
			name = "coder-swag";
			productName = "coder-swag";
			productReference = A316CE8A220DC48B00C30374 /* coder-swag.app */;
			productType = "com.apple.product-type.application";
		};
		A316CE9D220DC48C00C30374 /* coder-swagTests */ = {
			isa = PBXNativeTarget;
			buildConfigurationList = A316CEB5220DC48C00C30374 /* Build configuration list for PBXNativeTarget "coder-swagTests" */;
			buildPhases = (
				A316CE9A220DC48C00C30374 /* Sources */,
				A316CE9B220DC48C00C30374 /* Frameworks */,
				A316CE9C220DC48C00C30374 /* Resources */,
			);
			buildRules = (
			);
			dependencies = (
				A316CEA0220DC48C00C30374 /* PBXTargetDependency */,
			);
			name = "coder-swagTests";
			productName = "coder-swagTests";
			productReference = A316CE9E220DC48C00C30374 /* coder-swagTests.xctest */;
			productType = "com.apple.product-type.bundle.unit-test";
		};
		A316CEA8220DC48C00C30374 /* coder-swagUITests */ = {
			isa = PBXNativeTarget;
			buildConfigurationList = A316CEB8220DC48C00C30374 /* Build configuration list for PBXNativeTarget "coder-swagUITests" */;
			buildPhases = (
				A316CEA5220DC48C00C30374 /* Sources */,
				A316CEA6220DC48C00C30374 /* Frameworks */,
				A316CEA7220DC48C00C30374 /* Resources */,
			);
			buildRules = (
			);
			dependencies = (
				A316CEAB220DC48C00C30374 /* PBXTargetDependency */,
			);
			name = "coder-swagUITests";
			productName = "coder-swagUITests";
			productReference = A316CEA9220DC48C00C30374 /* coder-swagUITests.xctest */;
			productType = "com.apple.product-type.bundle.ui-testing";
		};
/* End PBXNativeTarget section */

/* Begin PBXProject section */
		A316CE82220DC48B00C30374 /* Project object */ = {
			isa = PBXProject;
			attributes = {
				LastSwiftUpdateCheck = 0910;
				LastUpgradeCheck = 0910;
				ORGANIZATIONNAME = "Mrwan Mohsen";
				TargetAttributes = {
					A316CE89220DC48B00C30374 = {
						CreatedOnToolsVersion = 9.1;
						ProvisioningStyle = Automatic;
					};
					A316CE9D220DC48C00C30374 = {
						CreatedOnToolsVersion = 9.1;
						ProvisioningStyle = Automatic;
						TestTargetID = A316CE89220DC48B00C30374;
					};
					A316CEA8220DC48C00C30374 = {
						CreatedOnToolsVersion = 9.1;
						ProvisioningStyle = Automatic;
						TestTargetID = A316CE89220DC48B00C30374;
					};
				};
			};
			buildConfigurationList = A316CE85220DC48B00C30374 /* Build configuration list for PBXProject "coder-swag" */;
			compatibilityVersion = "Xcode 8.0";
			developmentRegion = en;
			hasScannedForEncodings = 0;
			knownRegions = (
				en,
				Base,
			);
			mainGroup = A316CE81220DC48B00C30374;
			productRefGroup = A316CE8B220DC48B00C30374 /* Products */;
			projectDirPath = "";
			projectRoot = "";
			targets = (
				A316CE89220DC48B00C30374 /* coder-swag */,
				A316CE9D220DC48C00C30374 /* coder-swagTests */,
				A316CEA8220DC48C00C30374 /* coder-swagUITests */,
			);
		};
/* End PBXProject section */

/* Begin PBXResourcesBuildPhase section */
		A316CE88220DC48B00C30374 /* Resources */ = {
			isa = PBXResourcesBuildPhase;
			buildActionMask = 2147483647;
			files = (
				A316CE98220DC48C00C30374 /* LaunchScreen.storyboard in Resources */,
				A316CE95220DC48C00C30374 /* Assets.xcassets in Resources */,
				A316CE93220DC48C00C30374 /* Main.storyboard in Resources */,
			);
			runOnlyForDeploymentPostprocessing = 0;
		};
		A316CE9C220DC48C00C30374 /* Resources */ = {
			isa = PBXResourcesBuildPhase;
			buildActionMask = 2147483647;
			files = (
			);
			runOnlyForDeploymentPostprocessing = 0;
		};
		A316CEA7220DC48C00C30374 /* Resources */ = {
			isa = PBXResourcesBuildPhase;
			buildActionMask = 2147483647;
			files = (
			);
			runOnlyForDeploymentPostprocessing = 0;
		};
/* End PBXResourcesBuildPhase section */

/* Begin PBXSourcesBuildPhase section */
		A316CE86220DC48B00C30374 /* Sources */ = {
			isa = PBXSourcesBuildPhase;
			buildActionMask = 2147483647;
			files = (
				A30C27FD2210382600610B86 /* ProductsVC.swift in Sources */,
				A316CE90220DC48C00C30374 /* CategoriesVC.swift in Sources */,
				A33A0CA2220EF49D00A2ACE9 /* Category.swift in Sources */,
				A316CE8E220DC48C00C30374 /* AppDelegate.swift in Sources */,
				A33A0CA4220F27DA00A2ACE9 /* ProductCell.swift in Sources */,
				A316CEC3220E3DDA00C30374 /* CategoryCell.swift in Sources */,
				A33A0CA0220EF3FC00A2ACE9 /* DataService.swift in Sources */,
				A33A0CA6220F381F00A2ACE9 /* Product.swift in Sources */,
			);
			runOnlyForDeploymentPostprocessing = 0;
		};
		A316CE9A220DC48C00C30374 /* Sources */ = {
			isa = PBXSourcesBuildPhase;
			buildActionMask = 2147483647;
			files = (
				A316CEA3220DC48C00C30374 /* coder_swagTests.swift in Sources */,
			);
			runOnlyForDeploymentPostprocessing = 0;
		};
		A316CEA5220DC48C00C30374 /* Sources */ = {
			isa = PBXSourcesBuildPhase;
			buildActionMask = 2147483647;
			files = (
				A316CEAE220DC48C00C30374 /* coder_swagUITests.swift in Sources */,
			);
			runOnlyForDeploymentPostprocessing = 0;
		};
/* End PBXSourcesBuildPhase section */

/* Begin PBXTargetDependency section */
		A316CEA0220DC48C00C30374 /* PBXTargetDependency */ = {
			isa = PBXTargetDependency;
			target = A316CE89220DC48B00C30374 /* coder-swag */;
			targetProxy = A316CE9F220DC48C00C30374 /* PBXContainerItemProxy */;
		};
		A316CEAB220DC48C00C30374 /* PBXTargetDependency */ = {
			isa = PBXTargetDependency;
			target = A316CE89220DC48B00C30374 /* coder-swag */;
			targetProxy = A316CEAA220DC48C00C30374 /* PBXContainerItemProxy */;
		};
/* End PBXTargetDependency section */

/* Begin PBXVariantGroup section */
		A316CE91220DC48C00C30374 /* Main.storyboard */ = {
			isa = PBXVariantGroup;
			children = (
				A316CE92220DC48C00C30374 /* Base */,
			);
			name = Main.storyboard;
			sourceTree = "<group>";
		};
		A316CE96220DC48C00C30374 /* LaunchScreen.storyboard */ = {
			isa = PBXVariantGroup;
			children = (
				A316CE97220DC48C00C30374 /* Base */,
			);
			name = LaunchScreen.storyboard;
			sourceTree = "<group>";
		};
/* End PBXVariantGroup section */

/* Begin XCBuildConfiguration section */
		A316CEB0220DC48C00C30374 /* Debug */ = {
			isa = XCBuildConfiguration;
			buildSettings = {
				ALWAYS_SEARCH_USER_PATHS = NO;
				CLANG_ANALYZER_NONNULL = YES;
				CLANG_ANALYZER_NUMBER_OBJECT_CONVERSION = YES_AGGRESSIVE;
				CLANG_CXX_LANGUAGE_STANDARD = "gnu++14";
				CLANG_CXX_LIBRARY = "libc++";
				CLANG_ENABLE_MODULES = YES;
				CLANG_ENABLE_OBJC_ARC = YES;
				CLANG_WARN_BLOCK_CAPTURE_AUTORELEASING = YES;
				CLANG_WARN_BOOL_CONVERSION = YES;
				CLANG_WARN_COMMA = YES;
				CLANG_WARN_CONSTANT_CONVERSION = YES;
				CLANG_WARN_DIRECT_OBJC_ISA_USAGE = YES_ERROR;
				CLANG_WARN_DOCUMENTATION_COMMENTS = YES;
				CLANG_WARN_EMPTY_BODY = YES;
				CLANG_WARN_ENUM_CONVERSION = YES;
				CLANG_WARN_INFINITE_RECURSION = YES;
				CLANG_WARN_INT_CONVERSION = YES;
				CLANG_WARN_NON_LITERAL_NULL_CONVERSION = YES;
				CLANG_WARN_OBJC_LITERAL_CONVERSION = YES;
				CLANG_WARN_OBJC_ROOT_CLASS = YES_ERROR;
				CLANG_WARN_RANGE_LOOP_ANALYSIS = YES;
				CLANG_WARN_STRICT_PROTOTYPES = YES;
				CLANG_WARN_SUSPICIOUS_MOVE = YES;
				CLANG_WARN_UNGUARDED_AVAILABILITY = YES_AGGRESSIVE;
				CLANG_WARN_UNREACHABLE_CODE = YES;
				CLANG_WARN__DUPLICATE_METHOD_MATCH = YES;
				CODE_SIGN_IDENTITY = "iPhone Developer";
				COPY_PHASE_STRIP = NO;
				DEBUG_INFORMATION_FORMAT = dwarf;
				ENABLE_STRICT_OBJC_MSGSEND = YES;
				ENABLE_TESTABILITY = YES;
				GCC_C_LANGUAGE_STANDARD = gnu11;
				GCC_DYNAMIC_NO_PIC = NO;
				GCC_NO_COMMON_BLOCKS = YES;
				GCC_OPTIMIZATION_LEVEL = 0;
				GCC_PREPROCESSOR_DEFINITIONS = (
					"DEBUG=1",
					"$(inherited)",
				);
				GCC_WARN_64_TO_32_BIT_CONVERSION = YES;
				GCC_WARN_ABOUT_RETURN_TYPE = YES_ERROR;
				GCC_WARN_UNDECLARED_SELECTOR = YES;
				GCC_WARN_UNINITIALIZED_AUTOS = YES_AGGRESSIVE;
				GCC_WARN_UNUSED_FUNCTION = YES;
				GCC_WARN_UNUSED_VARIABLE = YES;
				IPHONEOS_DEPLOYMENT_TARGET = 11.1;
				MTL_ENABLE_DEBUG_INFO = YES;
				ONLY_ACTIVE_ARCH = YES;
				SDKROOT = iphoneos;
				SWIFT_ACTIVE_COMPILATION_CONDITIONS = DEBUG;
				SWIFT_OPTIMIZATION_LEVEL = "-Onone";
			};
			name = Debug;
		};
		A316CEB1220DC48C00C30374 /* Release */ = {
			isa = XCBuildConfiguration;
			buildSettings = {
				ALWAYS_SEARCH_USER_PATHS = NO;
				CLANG_ANALYZER_NONNULL = YES;
				CLANG_ANALYZER_NUMBER_OBJECT_CONVERSION = YES_AGGRESSIVE;
				CLANG_CXX_LANGUAGE_STANDARD = "gnu++14";
				CLANG_CXX_LIBRARY = "libc++";
				CLANG_ENABLE_MODULES = YES;
				CLANG_ENABLE_OBJC_ARC = YES;
				CLANG_WARN_BLOCK_CAPTURE_AUTORELEASING = YES;
				CLANG_WARN_BOOL_CONVERSION = YES;
				CLANG_WARN_COMMA = YES;
				CLANG_WARN_CONSTANT_CONVERSION = YES;
				CLANG_WARN_DIRECT_OBJC_ISA_USAGE = YES_ERROR;
				CLANG_WARN_DOCUMENTATION_COMMENTS = YES;
				CLANG_WARN_EMPTY_BODY = YES;
				CLANG_WARN_ENUM_CONVERSION = YES;
				CLANG_WARN_INFINITE_RECURSION = YES;
				CLANG_WARN_INT_CONVERSION = YES;
				CLANG_WARN_NON_LITERAL_NULL_CONVERSION = YES;
				CLANG_WARN_OBJC_LITERAL_CONVERSION = YES;
				CLANG_WARN_OBJC_ROOT_CLASS = YES_ERROR;
				CLANG_WARN_RANGE_LOOP_ANALYSIS = YES;
				CLANG_WARN_STRICT_PROTOTYPES = YES;
				CLANG_WARN_SUSPICIOUS_MOVE = YES;
				CLANG_WARN_UNGUARDED_AVAILABILITY = YES_AGGRESSIVE;
				CLANG_WARN_UNREACHABLE_CODE = YES;
				CLANG_WARN__DUPLICATE_METHOD_MATCH = YES;
				CODE_SIGN_IDENTITY = "iPhone Developer";
				COPY_PHASE_STRIP = NO;
				DEBUG_INFORMATION_FORMAT = "dwarf-with-dsym";
				ENABLE_NS_ASSERTIONS = NO;
				ENABLE_STRICT_OBJC_MSGSEND = YES;
				GCC_C_LANGUAGE_STANDARD = gnu11;
				GCC_NO_COMMON_BLOCKS = YES;
				GCC_WARN_64_TO_32_BIT_CONVERSION = YES;
				GCC_WARN_ABOUT_RETURN_TYPE = YES_ERROR;
				GCC_WARN_UNDECLARED_SELECTOR = YES;
				GCC_WARN_UNINITIALIZED_AUTOS = YES_AGGRESSIVE;
				GCC_WARN_UNUSED_FUNCTION = YES;
				GCC_WARN_UNUSED_VARIABLE = YES;
				IPHONEOS_DEPLOYMENT_TARGET = 11.1;
				MTL_ENABLE_DEBUG_INFO = NO;
				SDKROOT = iphoneos;
				SWIFT_OPTIMIZATION_LEVEL = "-Owholemodule";
				VALIDATE_PRODUCT = YES;
			};
			name = Release;
		};
		A316CEB3220DC48C00C30374 /* Debug */ = {
			isa = XCBuildConfiguration;
			buildSettings = {
				ASSETCATALOG_COMPILER_APPICON_NAME = AppIcon;
				CODE_SIGN_STYLE = Automatic;
				DEVELOPMENT_TEAM = T248F27MUJ;
				INFOPLIST_FILE = "coder-swag/Info.plist";
				LD_RUNPATH_SEARCH_PATHS = "$(inherited) @executable_path/Frameworks";
				PRODUCT_BUNDLE_IDENTIFIER = "devslope.coder-swag";
				PRODUCT_NAME = "$(TARGET_NAME)";
				SWIFT_VERSION = 4.0;
				TARGETED_DEVICE_FAMILY = "1,2";
			};
			name = Debug;
		};
		A316CEB4220DC48C00C30374 /* Release */ = {
			isa = XCBuildConfiguration;
			buildSettings = {
				ASSETCATALOG_COMPILER_APPICON_NAME = AppIcon;
				CODE_SIGN_STYLE = Automatic;
				DEVELOPMENT_TEAM = T248F27MUJ;
				INFOPLIST_FILE = "coder-swag/Info.plist";
				LD_RUNPATH_SEARCH_PATHS = "$(inherited) @executable_path/Frameworks";
				PRODUCT_BUNDLE_IDENTIFIER = "devslope.coder-swag";
				PRODUCT_NAME = "$(TARGET_NAME)";
				SWIFT_VERSION = 4.0;
				TARGETED_DEVICE_FAMILY = "1,2";
			};
			name = Release;
		};
		A316CEB6220DC48C00C30374 /* Debug */ = {
			isa = XCBuildConfiguration;
			buildSettings = {
				ALWAYS_EMBED_SWIFT_STANDARD_LIBRARIES = YES;
				BUNDLE_LOADER = "$(TEST_HOST)";
				CODE_SIGN_STYLE = Automatic;
				DEVELOPMENT_TEAM = T248F27MUJ;
				INFOPLIST_FILE = "coder-swagTests/Info.plist";
				LD_RUNPATH_SEARCH_PATHS = "$(inherited) @executable_path/Frameworks @loader_path/Frameworks";
				PRODUCT_BUNDLE_IDENTIFIER = "devslope.coder-swagTests";
				PRODUCT_NAME = "$(TARGET_NAME)";
				SWIFT_VERSION = 4.0;
				TARGETED_DEVICE_FAMILY = "1,2";
				TEST_HOST = "$(BUILT_PRODUCTS_DIR)/coder-swag.app/coder-swag";
			};
			name = Debug;
		};
		A316CEB7220DC48C00C30374 /* Release */ = {
			isa = XCBuildConfiguration;
			buildSettings = {
				ALWAYS_EMBED_SWIFT_STANDARD_LIBRARIES = YES;
				BUNDLE_LOADER = "$(TEST_HOST)";
				CODE_SIGN_STYLE = Automatic;
				DEVELOPMENT_TEAM = T248F27MUJ;
				INFOPLIST_FILE = "coder-swagTests/Info.plist";
				LD_RUNPATH_SEARCH_PATHS = "$(inherited) @executable_path/Frameworks @loader_path/Frameworks";
				PRODUCT_BUNDLE_IDENTIFIER = "devslope.coder-swagTests";
				PRODUCT_NAME = "$(TARGET_NAME)";
				SWIFT_VERSION = 4.0;
				TARGETED_DEVICE_FAMILY = "1,2";
				TEST_HOST = "$(BUILT_PRODUCTS_DIR)/coder-swag.app/coder-swag";
			};
			name = Release;
		};
		A316CEB9220DC48C00C30374 /* Debug */ = {
			isa = XCBuildConfiguration;
			buildSettings = {
				ALWAYS_EMBED_SWIFT_STANDARD_LIBRARIES = YES;
				CODE_SIGN_STYLE = Automatic;
				DEVELOPMENT_TEAM = T248F27MUJ;
				INFOPLIST_FILE = "coder-swagUITests/Info.plist";
				LD_RUNPATH_SEARCH_PATHS = "$(inherited) @executable_path/Frameworks @loader_path/Frameworks";
				PRODUCT_BUNDLE_IDENTIFIER = "devslope.coder-swagUITests";
				PRODUCT_NAME = "$(TARGET_NAME)";
				SWIFT_VERSION = 4.0;
				TARGETED_DEVICE_FAMILY = "1,2";
				TEST_TARGET_NAME = "coder-swag";
			};
			name = Debug;
		};
		A316CEBA220DC48C00C30374 /* Release */ = {
			isa = XCBuildConfiguration;
			buildSettings = {
				ALWAYS_EMBED_SWIFT_STANDARD_LIBRARIES = YES;
				CODE_SIGN_STYLE = Automatic;
				DEVELOPMENT_TEAM = T248F27MUJ;
				INFOPLIST_FILE = "coder-swagUITests/Info.plist";
				LD_RUNPATH_SEARCH_PATHS = "$(inherited) @executable_path/Frameworks @loader_path/Frameworks";
				PRODUCT_BUNDLE_IDENTIFIER = "devslope.coder-swagUITests";
				PRODUCT_NAME = "$(TARGET_NAME)";
				SWIFT_VERSION = 4.0;
				TARGETED_DEVICE_FAMILY = "1,2";
				TEST_TARGET_NAME = "coder-swag";
			};
			name = Release;
		};
/* End XCBuildConfiguration section */

/* Begin XCConfigurationList section */
		A316CE85220DC48B00C30374 /* Build configuration list for PBXProject "coder-swag" */ = {
			isa = XCConfigurationList;
			buildConfigurations = (
				A316CEB0220DC48C00C30374 /* Debug */,
				A316CEB1220DC48C00C30374 /* Release */,
			);
			defaultConfigurationIsVisible = 0;
			defaultConfigurationName = Release;
		};
		A316CEB2220DC48C00C30374 /* Build configuration list for PBXNativeTarget "coder-swag" */ = {
			isa = XCConfigurationList;
			buildConfigurations = (
				A316CEB3220DC48C00C30374 /* Debug */,
				A316CEB4220DC48C00C30374 /* Release */,
			);
			defaultConfigurationIsVisible = 0;
			defaultConfigurationName = Release;
		};
		A316CEB5220DC48C00C30374 /* Build configuration list for PBXNativeTarget "coder-swagTests" */ = {
			isa = XCConfigurationList;
			buildConfigurations = (
				A316CEB6220DC48C00C30374 /* Debug */,
				A316CEB7220DC48C00C30374 /* Release */,
			);
			defaultConfigurationIsVisible = 0;
			defaultConfigurationName = Release;
		};
		A316CEB8220DC48C00C30374 /* Build configuration list for PBXNativeTarget "coder-swagUITests" */ = {
			isa = XCConfigurationList;
			buildConfigurations = (
				A316CEB9220DC48C00C30374 /* Debug */,
				A316CEBA220DC48C00C30374 /* Release */,
			);
			defaultConfigurationIsVisible = 0;
			defaultConfigurationName = Release;
		};
/* End XCConfigurationList section */
	};
	rootObject = A316CE82220DC48B00C30374 /* Project object */;
}
